
Microsoft Visual Studio Solution File, Format Version 12.00
# Visual Studio 2013
VisualStudioVersion = 12.0.40629.0
MinimumVisualStudioVersion = 10.0.40219.1
Project("{FAE04EC0-301F-11D3-BF4B-00C04F79EFBC}") = "XlantWord", "XlantWord\XlantWord.csproj", "{AD8188B9-0D06-4D33-BFEC-BA3A928C54C9}"
EndProject
Project("{FAE04EC0-301F-11D3-BF4B-00C04F79EFBC}") = "XLant", "Xlant\XLant.csproj", "{C2B5DCA7-5E48-4358-A5F3-764F5D6CD151}"
EndProject
Project("{FAE04EC0-301F-11D3-BF4B-00C04F79EFBC}") = "XLForms", "XLForms.cs\XLForms.csproj", "{407690A2-81A7-4AC1-8873-7E8F0634C42C}"
EndProject
Project("{FAE04EC0-301F-11D3-BF4B-00C04F79EFBC}") = "XLantOutlook", "XLantOutlook\XLantOutlook\XLantOutlook.csproj", "{9446E744-5405-4645-888D-7D532F5DA2ED}"
EndProject
Global
	GlobalSection(SolutionConfigurationPlatforms) = preSolution
		Debug|Any CPU = Debug|Any CPU
		Release|Any CPU = Release|Any CPU
	EndGlobalSection
	GlobalSection(ProjectConfigurationPlatforms) = postSolution
		{AD8188B9-0D06-4D33-BFEC-BA3A928C54C9}.Debug|Any CPU.ActiveCfg = Debug|Any CPU
		{AD8188B9-0D06-4D33-BFEC-BA3A928C54C9}.Debug|Any CPU.Build.0 = Debug|Any CPU
		{AD8188B9-0D06-4D33-BFEC-BA3A928C54C9}.Release|Any CPU.ActiveCfg = Release|Any CPU
		{AD8188B9-0D06-4D33-BFEC-BA3A928C54C9}.Release|Any CPU.Build.0 = Release|Any CPU
		{C2B5DCA7-5E48-4358-A5F3-764F5D6CD151}.Debug|Any CPU.ActiveCfg = Debug|Any CPU
		{C2B5DCA7-5E48-4358-A5F3-764F5D6CD151}.Debug|Any CPU.Build.0 = Debug|Any CPU
		{C2B5DCA7-5E48-4358-A5F3-764F5D6CD151}.Release|Any CPU.ActiveCfg = Release|Any CPU
		{C2B5DCA7-5E48-4358-A5F3-764F5D6CD151}.Release|Any CPU.Build.0 = Release|Any CPU
		{407690A2-81A7-4AC1-8873-7E8F0634C42C}.Debug|Any CPU.ActiveCfg = Debug|Any CPU
		{407690A2-81A7-4AC1-8873-7E8F0634C42C}.Debug|Any CPU.Build.0 = Debug|Any CPU
		{407690A2-81A7-4AC1-8873-7E8F0634C42C}.Release|Any CPU.ActiveCfg = Release|Any CPU
		{407690A2-81A7-4AC1-8873-7E8F0634C42C}.Release|Any CPU.Build.0 = Release|Any CPU
		{9446E744-5405-4645-888D-7D532F5DA2ED}.Debug|Any CPU.ActiveCfg = Debug|Any CPU
		{9446E744-5405-4645-888D-7D532F5DA2ED}.Debug|Any CPU.Build.0 = Debug|Any CPU
		{9446E744-5405-4645-888D-7D532F5DA2ED}.Release|Any CPU.ActiveCfg = Release|Any CPU
		{9446E744-5405-4645-888D-7D532F5DA2ED}.Release|Any CPU.Build.0 = Release|Any CPU
	EndGlobalSection
	GlobalSection(SolutionProperties) = preSolution
		HideSolutionNode = FALSE
	EndGlobalSection
EndGlobal
